
Microsoft Visual Studio Solution File, Format Version 12.00
# Visual Studio Version 16
VisualStudioVersion = 16.0.29326.143
MinimumVisualStudioVersion = 10.0.40219.1
Project("{2150E333-8FDC-42A3-9474-1A3956D46DE8}") = "Demo", "Demo", "{F93BA110-01D0-4AD2-865F-8892C916DFD7}"
EndProject
Project("{2150E333-8FDC-42A3-9474-1A3956D46DE8}") = "Logger", "Logger", "{6BEBDCD2-1344-4D54-8093-E9B7E89F7DBD}"
EndProject
Project("{2150E333-8FDC-42A3-9474-1A3956D46DE8}") = "Hippologamus", "Hippologamus", "{126C25B1-C102-46FD-AC9E-79E46D8F9F8E}"
EndProject
Project("{9A19103F-16F7-4668-BE54-9A1E7A4F7556}") = "Demo.API", "Demo.API\Demo.API.csproj", "{3D32C276-D079-4EF0-B6F3-A45FAF565D62}"
EndProject
Project("{9A19103F-16F7-4668-BE54-9A1E7A4F7556}") = "Demo.MVC", "Demo.MVC\Demo.MVC.csproj", "{F5CF2585-247F-44DD-9B64-701F4B987413}"
EndProject
Project("{9A19103F-16F7-4668-BE54-9A1E7A4F7556}") = "Hippo.Serilog", "Hippo.Serilog\Hippo.Serilog.csproj", "{4739144E-0A71-4F9F-8F4D-215DECC22970}"
EndProject
Project("{9A19103F-16F7-4668-BE54-9A1E7A4F7556}") = "Hippologamus.Domain", "Hippologamus.Domain\Hippologamus.Domain.csproj", "{E61A2100-66FF-42BE-9000-F9828F005AC4}"
EndProject
Project("{9A19103F-16F7-4668-BE54-9A1E7A4F7556}") = "Hippologamus.Data", "Hippologamus.Data\Hippologamus.Data.csproj", "{27C22F1C-83F9-4BA6-A6E5-BEF8CD06D603}"
EndProject
Project("{9A19103F-16F7-4668-BE54-9A1E7A4F7556}") = "Hippologamus.ConsoleApp", "Hippologamus.Console\Hippologamus.ConsoleApp.csproj", "{A3ACCD1E-E89B-46D5-9C46-C5782EE8FA9F}"
EndProject
Project("{9A19103F-16F7-4668-BE54-9A1E7A4F7556}") = "Hippologamus.API", "Hippologamus.API\Hippologamus.API.csproj", "{BB1BB26D-F715-49BA-B458-41AD1F83B457}"
EndProject
Project("{9A19103F-16F7-4668-BE54-9A1E7A4F7556}") = "Hippologamus.API.Service", "Hippologamus.API.Service\Hippologamus.API.Service.csproj", "{4A3F7569-FEB9-408E-8A5C-2F1D78A5AD24}"
EndProject
Project("{2150E333-8FDC-42A3-9474-1A3956D46DE8}") = "src", "src", "{1CA14E82-D23F-425A-AEF6-434D61BDDB7D}"
EndProject
Project("{2150E333-8FDC-42A3-9474-1A3956D46DE8}") = "test", "test", "{79908600-34B8-4AC1-802C-F0F418F8AC07}"
EndProject
Project("{2150E333-8FDC-42A3-9474-1A3956D46DE8}") = "doc", "doc", "{0810C625-1CFF-465D-AD86-2FD190127FFB}"
EndProject
Project("{9A19103F-16F7-4668-BE54-9A1E7A4F7556}") = "Hippologamus.Data.Test", "Hippologamus.Data.Test\Hippologamus.Data.Test.csproj", "{E33CBD6E-15E7-4EE1-B25C-518BCED193DA}"
EndProject
Project("{9A19103F-16F7-4668-BE54-9A1E7A4F7556}") = "Hippologamus.API.Service.Test", "Hippologamus.API.Service.Test\Hippologamus.API.Service.Test.csproj", "{B0FDC35E-EC54-41B2-90C8-A4ACCA89E751}"
EndProject
Project("{2150E333-8FDC-42A3-9474-1A3956D46DE8}") = "Hippologamus", "Hippologamus", "{3DE237A1-9CD0-47C2-9D73-ECC120F43EBB}"
EndProject
Project("{9A19103F-16F7-4668-BE54-9A1E7A4F7556}") = "Hippologamus.DTO", "Hippologamus.DTO\Hippologamus.DTO.csproj", "{3FE28C3A-33C4-48E5-83DF-A3066A6889A2}"
EndProject
Project("{9A19103F-16F7-4668-BE54-9A1E7A4F7556}") = "Demo.MVCSignalR", "Demo.MVCSignalR\Demo.MVCSignalR.csproj", "{E2F95C35-1B64-4020-A403-DEA1E8CFDA6E}"
EndProject
Project("{9A19103F-16F7-4668-BE54-9A1E7A4F7556}") = "Hippologamus.Server", "Hippologamus.Server\Hippologamus.Server.csproj", "{4539EEDB-0444-4285-BA82-B2EFD726B1EB}"
EndProject
Project("{9A19103F-16F7-4668-BE54-9A1E7A4F7556}") = "Hippologamus.Server.Test", "Hippologamus.Server.Test\Hippologamus.Server.Test.csproj", "{E5FD20E1-39FC-428F-B718-9D19190AC246}"
EndProject
Project("{9A19103F-16F7-4668-BE54-9A1E7A4F7556}") = "Hippologamus.DTO.Test", "Hippologamus.DTO.Test\Hippologamus.DTO.Test.csproj", "{BCA565C1-77CC-4C91-9A74-AE81A8F63CA2}"
EndProject
Project("{9A19103F-16F7-4668-BE54-9A1E7A4F7556}") = "Hippologamus.IDP", "Hippologamus.IDP\Hippologamus.IDP.csproj", "{80354C03-816D-4C73-89DA-DDBFC7CF7634}"
EndProject
Global
	GlobalSection(SolutionConfigurationPlatforms) = preSolution
		Debug|Any CPU = Debug|Any CPU
		Release|Any CPU = Release|Any CPU
	EndGlobalSection
	GlobalSection(ProjectConfigurationPlatforms) = postSolution
		{3D32C276-D079-4EF0-B6F3-A45FAF565D62}.Debug|Any CPU.ActiveCfg = Debug|Any CPU
		{3D32C276-D079-4EF0-B6F3-A45FAF565D62}.Debug|Any CPU.Build.0 = Debug|Any CPU
		{3D32C276-D079-4EF0-B6F3-A45FAF565D62}.Release|Any CPU.ActiveCfg = Release|Any CPU
		{3D32C276-D079-4EF0-B6F3-A45FAF565D62}.Release|Any CPU.Build.0 = Release|Any CPU
		{F5CF2585-247F-44DD-9B64-701F4B987413}.Debug|Any CPU.ActiveCfg = Debug|Any CPU
		{F5CF2585-247F-44DD-9B64-701F4B987413}.Debug|Any CPU.Build.0 = Debug|Any CPU
		{F5CF2585-247F-44DD-9B64-701F4B987413}.Release|Any CPU.ActiveCfg = Release|Any CPU
		{F5CF2585-247F-44DD-9B64-701F4B987413}.Release|Any CPU.Build.0 = Release|Any CPU
		{4739144E-0A71-4F9F-8F4D-215DECC22970}.Debug|Any CPU.ActiveCfg = Debug|Any CPU
		{4739144E-0A71-4F9F-8F4D-215DECC22970}.Debug|Any CPU.Build.0 = Debug|Any CPU
		{4739144E-0A71-4F9F-8F4D-215DECC22970}.Release|Any CPU.ActiveCfg = Release|Any CPU
		{4739144E-0A71-4F9F-8F4D-215DECC22970}.Release|Any CPU.Build.0 = Release|Any CPU
		{E61A2100-66FF-42BE-9000-F9828F005AC4}.Debug|Any CPU.ActiveCfg = Debug|Any CPU
		{E61A2100-66FF-42BE-9000-F9828F005AC4}.Debug|Any CPU.Build.0 = Debug|Any CPU
		{E61A2100-66FF-42BE-9000-F9828F005AC4}.Release|Any CPU.ActiveCfg = Release|Any CPU
		{E61A2100-66FF-42BE-9000-F9828F005AC4}.Release|Any CPU.Build.0 = Release|Any CPU
		{27C22F1C-83F9-4BA6-A6E5-BEF8CD06D603}.Debug|Any CPU.ActiveCfg = Debug|Any CPU
		{27C22F1C-83F9-4BA6-A6E5-BEF8CD06D603}.Debug|Any CPU.Build.0 = Debug|Any CPU
		{27C22F1C-83F9-4BA6-A6E5-BEF8CD06D603}.Release|Any CPU.ActiveCfg = Release|Any CPU
		{27C22F1C-83F9-4BA6-A6E5-BEF8CD06D603}.Release|Any CPU.Build.0 = Release|Any CPU
		{A3ACCD1E-E89B-46D5-9C46-C5782EE8FA9F}.Debug|Any CPU.ActiveCfg = Debug|Any CPU
		{A3ACCD1E-E89B-46D5-9C46-C5782EE8FA9F}.Debug|Any CPU.Build.0 = Debug|Any CPU
		{A3ACCD1E-E89B-46D5-9C46-C5782EE8FA9F}.Release|Any CPU.ActiveCfg = Release|Any CPU
		{A3ACCD1E-E89B-46D5-9C46-C5782EE8FA9F}.Release|Any CPU.Build.0 = Release|Any CPU
		{BB1BB26D-F715-49BA-B458-41AD1F83B457}.Debug|Any CPU.ActiveCfg = Debug|Any CPU
		{BB1BB26D-F715-49BA-B458-41AD1F83B457}.Debug|Any CPU.Build.0 = Debug|Any CPU
		{BB1BB26D-F715-49BA-B458-41AD1F83B457}.Release|Any CPU.ActiveCfg = Release|Any CPU
		{BB1BB26D-F715-49BA-B458-41AD1F83B457}.Release|Any CPU.Build.0 = Release|Any CPU
		{4A3F7569-FEB9-408E-8A5C-2F1D78A5AD24}.Debug|Any CPU.ActiveCfg = Debug|Any CPU
		{4A3F7569-FEB9-408E-8A5C-2F1D78A5AD24}.Debug|Any CPU.Build.0 = Debug|Any CPU
		{4A3F7569-FEB9-408E-8A5C-2F1D78A5AD24}.Release|Any CPU.ActiveCfg = Release|Any CPU
		{4A3F7569-FEB9-408E-8A5C-2F1D78A5AD24}.Release|Any CPU.Build.0 = Release|Any CPU
		{E33CBD6E-15E7-4EE1-B25C-518BCED193DA}.Debug|Any CPU.ActiveCfg = Debug|Any CPU
		{E33CBD6E-15E7-4EE1-B25C-518BCED193DA}.Debug|Any CPU.Build.0 = Debug|Any CPU
		{E33CBD6E-15E7-4EE1-B25C-518BCED193DA}.Release|Any CPU.ActiveCfg = Release|Any CPU
		{E33CBD6E-15E7-4EE1-B25C-518BCED193DA}.Release|Any CPU.Build.0 = Release|Any CPU
		{B0FDC35E-EC54-41B2-90C8-A4ACCA89E751}.Debug|Any CPU.ActiveCfg = Debug|Any CPU
		{B0FDC35E-EC54-41B2-90C8-A4ACCA89E751}.Debug|Any CPU.Build.0 = Debug|Any CPU
		{B0FDC35E-EC54-41B2-90C8-A4ACCA89E751}.Release|Any CPU.ActiveCfg = Release|Any CPU
		{B0FDC35E-EC54-41B2-90C8-A4ACCA89E751}.Release|Any CPU.Build.0 = Release|Any CPU
		{3FE28C3A-33C4-48E5-83DF-A3066A6889A2}.Debug|Any CPU.ActiveCfg = Debug|Any CPU
		{3FE28C3A-33C4-48E5-83DF-A3066A6889A2}.Debug|Any CPU.Build.0 = Debug|Any CPU
		{3FE28C3A-33C4-48E5-83DF-A3066A6889A2}.Release|Any CPU.ActiveCfg = Release|Any CPU
		{3FE28C3A-33C4-48E5-83DF-A3066A6889A2}.Release|Any CPU.Build.0 = Release|Any CPU
		{E2F95C35-1B64-4020-A403-DEA1E8CFDA6E}.Debug|Any CPU.ActiveCfg = Debug|Any CPU
		{E2F95C35-1B64-4020-A403-DEA1E8CFDA6E}.Debug|Any CPU.Build.0 = Debug|Any CPU
		{E2F95C35-1B64-4020-A403-DEA1E8CFDA6E}.Release|Any CPU.ActiveCfg = Release|Any CPU
		{E2F95C35-1B64-4020-A403-DEA1E8CFDA6E}.Release|Any CPU.Build.0 = Release|Any CPU
		{4539EEDB-0444-4285-BA82-B2EFD726B1EB}.Debug|Any CPU.ActiveCfg = Debug|Any CPU
		{4539EEDB-0444-4285-BA82-B2EFD726B1EB}.Debug|Any CPU.Build.0 = Debug|Any CPU
		{4539EEDB-0444-4285-BA82-B2EFD726B1EB}.Release|Any CPU.ActiveCfg = Release|Any CPU
		{4539EEDB-0444-4285-BA82-B2EFD726B1EB}.Release|Any CPU.Build.0 = Release|Any CPU
		{E5FD20E1-39FC-428F-B718-9D19190AC246}.Debug|Any CPU.ActiveCfg = Debug|Any CPU
		{E5FD20E1-39FC-428F-B718-9D19190AC246}.Debug|Any CPU.Build.0 = Debug|Any CPU
		{E5FD20E1-39FC-428F-B718-9D19190AC246}.Release|Any CPU.ActiveCfg = Release|Any CPU
		{E5FD20E1-39FC-428F-B718-9D19190AC246}.Release|Any CPU.Build.0 = Release|Any CPU
		{BCA565C1-77CC-4C91-9A74-AE81A8F63CA2}.Debug|Any CPU.ActiveCfg = Debug|Any CPU
		{BCA565C1-77CC-4C91-9A74-AE81A8F63CA2}.Debug|Any CPU.Build.0 = Debug|Any CPU
		{BCA565C1-77CC-4C91-9A74-AE81A8F63CA2}.Release|Any CPU.ActiveCfg = Release|Any CPU
		{BCA565C1-77CC-4C91-9A74-AE81A8F63CA2}.Release|Any CPU.Build.0 = Release|Any CPU
		{80354C03-816D-4C73-89DA-DDBFC7CF7634}.Debug|Any CPU.ActiveCfg = Debug|Any CPU
		{80354C03-816D-4C73-89DA-DDBFC7CF7634}.Debug|Any CPU.Build.0 = Debug|Any CPU
		{80354C03-816D-4C73-89DA-DDBFC7CF7634}.Release|Any CPU.ActiveCfg = Release|Any CPU
		{80354C03-816D-4C73-89DA-DDBFC7CF7634}.Release|Any CPU.Build.0 = Release|Any CPU
	EndGlobalSection
	GlobalSection(SolutionProperties) = preSolution
		HideSolutionNode = FALSE
	EndGlobalSection
	GlobalSection(NestedProjects) = preSolution
		{F93BA110-01D0-4AD2-865F-8892C916DFD7} = {1CA14E82-D23F-425A-AEF6-434D61BDDB7D}
		{6BEBDCD2-1344-4D54-8093-E9B7E89F7DBD} = {1CA14E82-D23F-425A-AEF6-434D61BDDB7D}
		{126C25B1-C102-46FD-AC9E-79E46D8F9F8E} = {1CA14E82-D23F-425A-AEF6-434D61BDDB7D}
		{3D32C276-D079-4EF0-B6F3-A45FAF565D62} = {F93BA110-01D0-4AD2-865F-8892C916DFD7}
		{F5CF2585-247F-44DD-9B64-701F4B987413} = {F93BA110-01D0-4AD2-865F-8892C916DFD7}
		{4739144E-0A71-4F9F-8F4D-215DECC22970} = {6BEBDCD2-1344-4D54-8093-E9B7E89F7DBD}
		{E61A2100-66FF-42BE-9000-F9828F005AC4} = {126C25B1-C102-46FD-AC9E-79E46D8F9F8E}
		{27C22F1C-83F9-4BA6-A6E5-BEF8CD06D603} = {126C25B1-C102-46FD-AC9E-79E46D8F9F8E}
		{A3ACCD1E-E89B-46D5-9C46-C5782EE8FA9F} = {126C25B1-C102-46FD-AC9E-79E46D8F9F8E}
		{BB1BB26D-F715-49BA-B458-41AD1F83B457} = {126C25B1-C102-46FD-AC9E-79E46D8F9F8E}
		{4A3F7569-FEB9-408E-8A5C-2F1D78A5AD24} = {126C25B1-C102-46FD-AC9E-79E46D8F9F8E}
		{E33CBD6E-15E7-4EE1-B25C-518BCED193DA} = {3DE237A1-9CD0-47C2-9D73-ECC120F43EBB}
		{B0FDC35E-EC54-41B2-90C8-A4ACCA89E751} = {3DE237A1-9CD0-47C2-9D73-ECC120F43EBB}
		{3DE237A1-9CD0-47C2-9D73-ECC120F43EBB} = {79908600-34B8-4AC1-802C-F0F418F8AC07}
		{3FE28C3A-33C4-48E5-83DF-A3066A6889A2} = {126C25B1-C102-46FD-AC9E-79E46D8F9F8E}
		{E2F95C35-1B64-4020-A403-DEA1E8CFDA6E} = {F93BA110-01D0-4AD2-865F-8892C916DFD7}
		{4539EEDB-0444-4285-BA82-B2EFD726B1EB} = {126C25B1-C102-46FD-AC9E-79E46D8F9F8E}
		{E5FD20E1-39FC-428F-B718-9D19190AC246} = {3DE237A1-9CD0-47C2-9D73-ECC120F43EBB}
		{BCA565C1-77CC-4C91-9A74-AE81A8F63CA2} = {3DE237A1-9CD0-47C2-9D73-ECC120F43EBB}
		{80354C03-816D-4C73-89DA-DDBFC7CF7634} = {126C25B1-C102-46FD-AC9E-79E46D8F9F8E}
	EndGlobalSection
	GlobalSection(ExtensibilityGlobals) = postSolution
		SolutionGuid = {AB8672B4-A3D6-4093-9412-B698EA6E81EF}
	EndGlobalSection
EndGlobal
